// !$*UTF8*$!
{
	archiveVersion = 1;
	classes = {
	};
	objectVersion = 50;
	objects = {

/* Begin PBXBuildFile section */
		74FFFF691FEF26E5198FF2FA /* Pods_Kadai1.framework in Frameworks */ = {isa = PBXBuildFile; fileRef = 9C22CDC75BF6DA2CE513E506 /* Pods_Kadai1.framework */; };
		A6C744652654AB84005C1BDE /* AppDelegate.swift in Sources */ = {isa = PBXBuildFile; fileRef = A6C744642654AB84005C1BDE /* AppDelegate.swift */; };
		A6C744672654AB84005C1BDE /* SceneDelegate.swift in Sources */ = {isa = PBXBuildFile; fileRef = A6C744662654AB84005C1BDE /* SceneDelegate.swift */; };
		A6C744692654AB84005C1BDE /* ViewController.swift in Sources */ = {isa = PBXBuildFile; fileRef = A6C744682654AB84005C1BDE /* ViewController.swift */; };
		A6C7446C2654AB84005C1BDE /* Main.storyboard in Resources */ = {isa = PBXBuildFile; fileRef = A6C7446A2654AB84005C1BDE /* Main.storyboard */; };
		A6C7446E2654AB8B005C1BDE /* Assets.xcassets in Resources */ = {isa = PBXBuildFile; fileRef = A6C7446D2654AB8B005C1BDE /* Assets.xcassets */; };
		A6C744712654AB8B005C1BDE /* LaunchScreen.storyboard in Resources */ = {isa = PBXBuildFile; fileRef = A6C7446F2654AB8B005C1BDE /* LaunchScreen.storyboard */; };
/* End PBXBuildFile section */

/* Begin PBXFileReference section */
		49D6C8C45D6C63B7763686B7 /* Pods-Kadai1.debug.xcconfig */ = {isa = PBXFileReference; includeInIndex = 1; lastKnownFileType = text.xcconfig; name = "Pods-Kadai1.debug.xcconfig"; path = "Target Support Files/Pods-Kadai1/Pods-Kadai1.debug.xcconfig"; sourceTree = "<group>"; };
		604099EF5921FA66FF7699C0 /* Pods-Kadai1.release.xcconfig */ = {isa = PBXFileReference; includeInIndex = 1; lastKnownFileType = text.xcconfig; name = "Pods-Kadai1.release.xcconfig"; path = "Target Support Files/Pods-Kadai1/Pods-Kadai1.release.xcconfig"; sourceTree = "<group>"; };
		9C22CDC75BF6DA2CE513E506 /* Pods_Kadai1.framework */ = {isa = PBXFileReference; explicitFileType = wrapper.framework; includeInIndex = 0; path = Pods_Kadai1.framework; sourceTree = BUILT_PRODUCTS_DIR; };
		A6C744612654AB84005C1BDE /* Kadai1.app */ = {isa = PBXFileReference; explicitFileType = wrapper.application; includeInIndex = 0; path = Kadai1.app; sourceTree = BUILT_PRODUCTS_DIR; };
		A6C744642654AB84005C1BDE /* AppDelegate.swift */ = {isa = PBXFileReference; lastKnownFileType = sourcecode.swift; path = AppDelegate.swift; sourceTree = "<group>"; };
		A6C744662654AB84005C1BDE /* SceneDelegate.swift */ = {isa = PBXFileReference; lastKnownFileType = sourcecode.swift; path = SceneDelegate.swift; sourceTree = "<group>"; };
		A6C744682654AB84005C1BDE /* ViewController.swift */ = {isa = PBXFileReference; lastKnownFileType = sourcecode.swift; path = ViewController.swift; sourceTree = "<group>"; };
		A6C7446B2654AB84005C1BDE /* Base */ = {isa = PBXFileReference; lastKnownFileType = file.storyboard; name = Base; path = Base.lproj/Main.storyboard; sourceTree = "<group>"; };
		A6C7446D2654AB8B005C1BDE /* Assets.xcassets */ = {isa = PBXFileReference; lastKnownFileType = folder.assetcatalog; path = Assets.xcassets; sourceTree = "<group>"; };
		A6C744702654AB8B005C1BDE /* Base */ = {isa = PBXFileReference; lastKnownFileType = file.storyboard; name = Base; path = Base.lproj/LaunchScreen.storyboard; sourceTree = "<group>"; };
		A6C744722654AB8B005C1BDE /* Info.plist */ = {isa = PBXFileReference; lastKnownFileType = text.plist.xml; path = Info.plist; sourceTree = "<group>"; };
/* End PBXFileReference section */

/* Begin PBXFrameworksBuildPhase section */
		A6C7445E2654AB84005C1BDE /* Frameworks */ = {
			isa = PBXFrameworksBuildPhase;
			buildActionMask = 2147483647;
			files = (
				74FFFF691FEF26E5198FF2FA /* Pods_Kadai1.framework in Frameworks */,
			);
			runOnlyForDeploymentPostprocessing = 0;
		};
/* End PBXFrameworksBuildPhase section */

/* Begin PBXGroup section */
		3A3F4062090DB70602D69E4B /* Pods */ = {
			isa = PBXGroup;
			children = (
				49D6C8C45D6C63B7763686B7 /* Pods-Kadai1.debug.xcconfig */,
				604099EF5921FA66FF7699C0 /* Pods-Kadai1.release.xcconfig */,
			);
			path = Pods;
			sourceTree = "<group>";
		};
		51253ADF508D1C1373D9F491 /* Frameworks */ = {
			isa = PBXGroup;
			children = (
				9C22CDC75BF6DA2CE513E506 /* Pods_Kadai1.framework */,
			);
			name = Frameworks;
			sourceTree = "<group>";
		};
		A6C744582654AB84005C1BDE = {
			isa = PBXGroup;
			children = (
				A6C744632654AB84005C1BDE /* Kadai1 */,
				A6C744622654AB84005C1BDE /* Products */,
				3A3F4062090DB70602D69E4B /* Pods */,
				51253ADF508D1C1373D9F491 /* Frameworks */,
			);
			sourceTree = "<group>";
		};
		A6C744622654AB84005C1BDE /* Products */ = {
			isa = PBXGroup;
			children = (
				A6C744612654AB84005C1BDE /* Kadai1.app */,
			);
			name = Products;
			sourceTree = "<group>";
		};
		A6C744632654AB84005C1BDE /* Kadai1 */ = {
			isa = PBXGroup;
			children = (
				A6C744642654AB84005C1BDE /* AppDelegate.swift */,
				A6C744662654AB84005C1BDE /* SceneDelegate.swift */,
				A6C744682654AB84005C1BDE /* ViewController.swift */,
				A6C7446A2654AB84005C1BDE /* Main.storyboard */,
				A6C7446D2654AB8B005C1BDE /* Assets.xcassets */,
				A6C7446F2654AB8B005C1BDE /* LaunchScreen.storyboard */,
				A6C744722654AB8B005C1BDE /* Info.plist */,
			);
			path = Kadai1;
			sourceTree = "<group>";
		};
/* End PBXGroup section */

/* Begin PBXNativeTarget section */
		A6C744602654AB84005C1BDE /* Kadai1 */ = {
			isa = PBXNativeTarget;
			buildConfigurationList = A6C744752654AB8B005C1BDE /* Build configuration list for PBXNativeTarget "Kadai1" */;
			buildPhases = (
				DC64EB65C32A5E794CD0659B /* [CP] Check Pods Manifest.lock */,
				A6C7445D2654AB84005C1BDE /* Sources */,
				A6C7445E2654AB84005C1BDE /* Frameworks */,
				A6C7445F2654AB84005C1BDE /* Resources */,
				A6C744782654B043005C1BDE /* SwiftLint */,
			);
			buildRules = (
			);
			dependencies = (
			);
			name = Kadai1;
			productName = Kadai1;
			productReference = A6C744612654AB84005C1BDE /* Kadai1.app */;
			productType = "com.apple.product-type.application";
		};
/* End PBXNativeTarget section */

/* Begin PBXProject section */
		A6C744592654AB84005C1BDE /* Project object */ = {
			isa = PBXProject;
			attributes = {
				LastSwiftUpdateCheck = 1250;
				LastUpgradeCheck = 1250;
				TargetAttributes = {
					A6C744602654AB84005C1BDE = {
						CreatedOnToolsVersion = 12.5;
					};
				};
			};
			buildConfigurationList = A6C7445C2654AB84005C1BDE /* Build configuration list for PBXProject "Kadai1" */;
			compatibilityVersion = "Xcode 9.3";
			developmentRegion = en;
			hasScannedForEncodings = 0;
			knownRegions = (
				en,
				Base,
			);
			mainGroup = A6C744582654AB84005C1BDE;
			productRefGroup = A6C744622654AB84005C1BDE /* Products */;
			projectDirPath = "";
			projectRoot = "";
			targets = (
				A6C744602654AB84005C1BDE /* Kadai1 */,
			);
		};
/* End PBXProject section */

/* Begin PBXResourcesBuildPhase section */
		A6C7445F2654AB84005C1BDE /* Resources */ = {
			isa = PBXResourcesBuildPhase;
			buildActionMask = 2147483647;
			files = (
				A6C744712654AB8B005C1BDE /* LaunchScreen.storyboard in Resources */,
				A6C7446E2654AB8B005C1BDE /* Assets.xcassets in Resources */,
				A6C7446C2654AB84005C1BDE /* Main.storyboard in Resources */,
			);
			runOnlyForDeploymentPostprocessing = 0;
		};
/* End PBXResourcesBuildPhase section */

/* Begin PBXShellScriptBuildPhase section */
		A6C744782654B043005C1BDE /* SwiftLint */ = {
			isa = PBXShellScriptBuildPhase;
			buildActionMask = 2147483647;
			files = (
			);
			inputFileListPaths = (
			);
			inputPaths = (
			);
			name = SwiftLint;
			outputFileListPaths = (
			);
			outputPaths = (
			);
			runOnlyForDeploymentPostprocessing = 0;
			shellPath = /bin/sh;
			shellScript = "if which swiftlint >/dev/null; then\n  swiftlint\nelse\n  echo \"SwiftLint does not exist, download from https://github.com/realm/SwiftLint\"\nfi\n";
		};
		DC64EB65C32A5E794CD0659B /* [CP] Check Pods Manifest.lock */ = {
			isa = PBXShellScriptBuildPhase;
			buildActionMask = 2147483647;
			files = (
			);
			inputFileListPaths = (
			);
			inputPaths = (
				"${PODS_PODFILE_DIR_PATH}/Podfile.lock",
				"${PODS_ROOT}/Manifest.lock",
			);
			name = "[CP] Check Pods Manifest.lock";
			outputFileListPaths = (
			);
			outputPaths = (
				"$(DERIVED_FILE_DIR)/Pods-Kadai1-checkManifestLockResult.txt",
			);
			runOnlyForDeploymentPostprocessing = 0;
			shellPath = /bin/sh;
			shellScript = "diff \"${PODS_PODFILE_DIR_PATH}/Podfile.lock\" \"${PODS_ROOT}/Manifest.lock\" > /dev/null\nif [ $? != 0 ] ; then\n    # print error to STDERR\n    echo \"error: The sandbox is not in sync with the Podfile.lock. Run 'pod install' or update your CocoaPods installation.\" >&2\n    exit 1\nfi\n# This output is used by Xcode 'outputs' to avoid re-running this script phase.\necho \"SUCCESS\" > \"${SCRIPT_OUTPUT_FILE_0}\"\n";
			showEnvVarsInLog = 0;
		};
/* End PBXShellScriptBuildPhase section */

/* Begin PBXSourcesBuildPhase section */
		A6C7445D2654AB84005C1BDE /* Sources */ = {
			isa = PBXSourcesBuildPhase;
			buildActionMask = 2147483647;
			files = (
				A6C744692654AB84005C1BDE /* ViewController.swift in Sources */,
				A6C744652654AB84005C1BDE /* AppDelegate.swift in Sources */,
				A6C744672654AB84005C1BDE /* SceneDelegate.swift in Sources */,
			);
			runOnlyForDeploymentPostprocessing = 0;
		};
/* End PBXSourcesBuildPhase section */

/* Begin PBXVariantGroup section */
		A6C7446A2654AB84005C1BDE /* Main.storyboard */ = {
			isa = PBXVariantGroup;
			children = (
				A6C7446B2654AB84005C1BDE /* Base */,
			);
			name = Main.storyboard;
			sourceTree = "<group>";
		};
		A6C7446F2654AB8B005C1BDE /* LaunchScreen.storyboard */ = {
			isa = PBXVariantGroup;
			children = (
				A6C744702654AB8B005C1BDE /* Base */,
			);
			name = LaunchScreen.storyboard;
			sourceTree = "<group>";
		};
/* End PBXVariantGroup section */

/* Begin XCBuildConfiguration section */
		A6C744732654AB8B005C1BDE /* Debug */ = {
			isa = XCBuildConfiguration;
			buildSettings = {
				ALWAYS_SEARCH_USER_PATHS = NO;
				CLANG_ANALYZER_NONNULL = YES;
				CLANG_ANALYZER_NUMBER_OBJECT_CONVERSION = YES_AGGRESSIVE;
				CLANG_CXX_LANGUAGE_STANDARD = "gnu++14";
				CLANG_CXX_LIBRARY = "libc++";
				CLANG_ENABLE_MODULES = YES;
				CLANG_ENABLE_OBJC_ARC = YES;
				CLANG_ENABLE_OBJC_WEAK = YES;
				CLANG_WARN_BLOCK_CAPTURE_AUTORELEASING = YES;
				CLANG_WARN_BOOL_CONVERSION = YES;
				CLANG_WARN_COMMA = YES;
				CLANG_WARN_CONSTANT_CONVERSION = YES;
				CLANG_WARN_DEPRECATED_OBJC_IMPLEMENTATIONS = YES;
				CLANG_WARN_DIRECT_OBJC_ISA_USAGE = YES_ERROR;
				CLANG_WARN_DOCUMENTATION_COMMENTS = YES;
				CLANG_WARN_EMPTY_BODY = YES;
				CLANG_WARN_ENUM_CONVERSION = YES;
				CLANG_WARN_INFINITE_RECURSION = YES;
				CLANG_WARN_INT_CONVERSION = YES;
				CLANG_WARN_NON_LITERAL_NULL_CONVERSION = YES;
				CLANG_WARN_OBJC_IMPLICIT_RETAIN_SELF = YES;
				CLANG_WARN_OBJC_LITERAL_CONVERSION = YES;
				CLANG_WARN_OBJC_ROOT_CLASS = YES_ERROR;
				CLANG_WARN_QUOTED_INCLUDE_IN_FRAMEWORK_HEADER = YES;
				CLANG_WARN_RANGE_LOOP_ANALYSIS = YES;
				CLANG_WARN_STRICT_PROTOTYPES = YES;
				CLANG_WARN_SUSPICIOUS_MOVE = YES;
				CLANG_WARN_UNGUARDED_AVAILABILITY = YES_AGGRESSIVE;
				CLANG_WARN_UNREACHABLE_CODE = YES;
				CLANG_WARN__DUPLICATE_METHOD_MATCH = YES;
				COPY_PHASE_STRIP = NO;
				DEBUG_INFORMATION_FORMAT = dwarf;
				ENABLE_STRICT_OBJC_MSGSEND = YES;
				ENABLE_TESTABILITY = YES;
				GCC_C_LANGUAGE_STANDARD = gnu11;
				GCC_DYNAMIC_NO_PIC = NO;
				GCC_NO_COMMON_BLOCKS = YES;
				GCC_OPTIMIZATION_LEVEL = 0;
				GCC_PREPROCESSOR_DEFINITIONS = (
					"DEBUG=1",
					"$(inherited)",
				);
				GCC_WARN_64_TO_32_BIT_CONVERSION = YES;
				GCC_WARN_ABOUT_RETURN_TYPE = YES_ERROR;
				GCC_WARN_UNDECLARED_SELECTOR = YES;
				GCC_WARN_UNINITIALIZED_AUTOS = YES_AGGRESSIVE;
				GCC_WARN_UNUSED_FUNCTION = YES;
				GCC_WARN_UNUSED_VARIABLE = YES;
				IPHONEOS_DEPLOYMENT_TARGET = 14.5;
				MTL_ENABLE_DEBUG_INFO = INCLUDE_SOURCE;
				MTL_FAST_MATH = YES;
				ONLY_ACTIVE_ARCH = YES;
				SDKROOT = iphoneos;
				SWIFT_ACTIVE_COMPILATION_CONDITIONS = DEBUG;
				SWIFT_OPTIMIZATION_LEVEL = "-Onone";
			};
			name = Debug;
		};
		A6C744742654AB8B005C1BDE /* Release */ = {
			isa = XCBuildConfiguration;
			buildSettings = {
				ALWAYS_SEARCH_USER_PATHS = NO;
				CLANG_ANALYZER_NONNULL = YES;
				CLANG_ANALYZER_NUMBER_OBJECT_CONVERSION = YES_AGGRESSIVE;
				CLANG_CXX_LANGUAGE_STANDARD = "gnu++14";
				CLANG_CXX_LIBRARY = "libc++";
				CLANG_ENABLE_MODULES = YES;
				CLANG_ENABLE_OBJC_ARC = YES;
				CLANG_ENABLE_OBJC_WEAK = YES;
				CLANG_WARN_BLOCK_CAPTURE_AUTORELEASING = YES;
				CLANG_WARN_BOOL_CONVERSION = YES;
				CLANG_WARN_COMMA = YES;
				CLANG_WARN_CONSTANT_CONVERSION = YES;
				CLANG_WARN_DEPRECATED_OBJC_IMPLEMENTATIONS = YES;
				CLANG_WARN_DIRECT_OBJC_ISA_USAGE = YES_ERROR;
				CLANG_WARN_DOCUMENTATION_COMMENTS = YES;
				CLANG_WARN_EMPTY_BODY = YES;
				CLANG_WARN_ENUM_CONVERSION = YES;
				CLANG_WARN_INFINITE_RECURSION = YES;
				CLANG_WARN_INT_CONVERSION = YES;
				CLANG_WARN_NON_LITERAL_NULL_CONVERSION = YES;
				CLANG_WARN_OBJC_IMPLICIT_RETAIN_SELF = YES;
				CLANG_WARN_OBJC_LITERAL_CONVERSION = YES;
				CLANG_WARN_OBJC_ROOT_CLASS = YES_ERROR;
				CLANG_WARN_QUOTED_INCLUDE_IN_FRAMEWORK_HEADER = YES;
				CLANG_WARN_RANGE_LOOP_ANALYSIS = YES;
				CLANG_WARN_STRICT_PROTOTYPES = YES;
				CLANG_WARN_SUSPICIOUS_MOVE = YES;
				CLANG_WARN_UNGUARDED_AVAILABILITY = YES_AGGRESSIVE;
				CLANG_WARN_UNREACHABLE_CODE = YES;
				CLANG_WARN__DUPLICATE_METHOD_MATCH = YES;
				COPY_PHASE_STRIP = NO;
				DEBUG_INFORMATION_FORMAT = "dwarf-with-dsym";
				ENABLE_NS_ASSERTIONS = NO;
				ENABLE_STRICT_OBJC_MSGSEND = YES;
				GCC_C_LANGUAGE_STANDARD = gnu11;
				GCC_NO_COMMON_BLOCKS = YES;
				GCC_WARN_64_TO_32_BIT_CONVERSION = YES;
				GCC_WARN_ABOUT_RETURN_TYPE = YES_ERROR;
				GCC_WARN_UNDECLARED_SELECTOR = YES;
				GCC_WARN_UNINITIALIZED_AUTOS = YES_AGGRESSIVE;
				GCC_WARN_UNUSED_FUNCTION = YES;
				GCC_WARN_UNUSED_VARIABLE = YES;
				IPHONEOS_DEPLOYMENT_TARGET = 14.5;
				MTL_ENABLE_DEBUG_INFO = NO;
				MTL_FAST_MATH = YES;
				SDKROOT = iphoneos;
				SWIFT_COMPILATION_MODE = wholemodule;
				SWIFT_OPTIMIZATION_LEVEL = "-O";
				VALIDATE_PRODUCT = YES;
			};
			name = Release;
		};
		A6C744762654AB8B005C1BDE /* Debug */ = {
			isa = XCBuildConfiguration;
			baseConfigurationReference = 49D6C8C45D6C63B7763686B7 /* Pods-Kadai1.debug.xcconfig */;
			buildSettings = {
				ASSETCATALOG_COMPILER_APPICON_NAME = AppIcon;
				ASSETCATALOG_COMPILER_GLOBAL_ACCENT_COLOR_NAME = AccentColor;
				CODE_SIGN_STYLE = Automatic;
				DEVELOPMENT_TEAM = M4DFJLV2VG;
				INFOPLIST_FILE = Kadai1/Info.plist;
				LD_RUNPATH_SEARCH_PATHS = (
					"$(inherited)",
					"@executable_path/Frameworks",
				);
				PRODUCT_BUNDLE_IDENTIFIER = com.gmail.daikiumehara3.Kadai1;
				PRODUCT_NAME = "$(TARGET_NAME)";
				SWIFT_VERSION = 5.0;
				TARGETED_DEVICE_FAMILY = "1,2";
			};
			name = Debug;
		};
		A6C744772654AB8B005C1BDE /* Release */ = {
			isa = XCBuildConfiguration;
			baseConfigurationReference = 604099EF5921FA66FF7699C0 /* Pods-Kadai1.release.xcconfig */;
			buildSettings = {
				ASSETCATALOG_COMPILER_APPICON_NAME = AppIcon;
				ASSETCATALOG_COMPILER_GLOBAL_ACCENT_COLOR_NAME = AccentColor;
				CODE_SIGN_STYLE = Automatic;
				DEVELOPMENT_TEAM = M4DFJLV2VG;
				INFOPLIST_FILE = Kadai1/Info.plist;
				LD_RUNPATH_SEARCH_PATHS = (
					"$(inherited)",
					"@executable_path/Frameworks",
				);
				PRODUCT_BUNDLE_IDENTIFIER = com.gmail.daikiumehara3.Kadai1;
				PRODUCT_NAME = "$(TARGET_NAME)";
				SWIFT_VERSION = 5.0;
				TARGETED_DEVICE_FAMILY = "1,2";
			};
			name = Release;
		};
/* End XCBuildConfiguration section */

/* Begin XCConfigurationList section */
		A6C7445C2654AB84005C1BDE /* Build configuration list for PBXProject "Kadai1" */ = {
			isa = XCConfigurationList;
			buildConfigurations = (
				A6C744732654AB8B005C1BDE /* Debug */,
				A6C744742654AB8B005C1BDE /* Release */,
			);
			defaultConfigurationIsVisible = 0;
			defaultConfigurationName = Release;
		};
		A6C744752654AB8B005C1BDE /* Build configuration list for PBXNativeTarget "Kadai1" */ = {
			isa = XCConfigurationList;
			buildConfigurations = (
				A6C744762654AB8B005C1BDE /* Debug */,
				A6C744772654AB8B005C1BDE /* Release */,
			);
			defaultConfigurationIsVisible = 0;
			defaultConfigurationName = Release;
		};
/* End XCConfigurationList section */
	};
	rootObject = A6C744592654AB84005C1BDE /* Project object */;
}
